
Microsoft Visual Studio Solution File, Format Version 12.00
# Visual Studio 15
VisualStudioVersion = 15.0.26228.4
MinimumVisualStudioVersion = 10.0.40219.1
Project("{FAE04EC0-301F-11D3-BF4B-00C04F79EFBC}") = "LazyLoad.Api", "LazyLoad.Api\LazyLoad.Api.csproj", "{3105000C-8A39-462C-BA8D-D9F083E7EE7D}"
EndProject
Project("{2150E333-8FDC-42A3-9474-1A3956D46DE8}") = "1. Presentation", "1. Presentation", "{DC329474-4D5C-453A-B3D3-9558980E3A30}"
EndProject
Project("{2150E333-8FDC-42A3-9474-1A3956D46DE8}") = "2. Aplication", "2. Aplication", "{AD874B66-8186-4995-ADFD-8B987C4B9008}"
EndProject
Project("{2150E333-8FDC-42A3-9474-1A3956D46DE8}") = "3. Domain", "3. Domain", "{E391F1D1-D60E-43A4-AD59-1D180D5E09F5}"
EndProject
Project("{2150E333-8FDC-42A3-9474-1A3956D46DE8}") = "4. Data", "4. Data", "{6901B474-F911-451B-A3A3-368A76FF4859}"
EndProject
Project("{2150E333-8FDC-42A3-9474-1A3956D46DE8}") = "5. Infrastucture", "5. Infrastucture", "{D2E5D666-CDC3-430A-8780-1E8E12A0BEB3}"
EndProject
Project("{2150E333-8FDC-42A3-9474-1A3956D46DE8}") = "6. Test", "6. Test", "{9AE1FE6A-2378-44E4-B8AE-2D00F1952607}"
EndProject
Project("{2150E333-8FDC-42A3-9474-1A3956D46DE8}") = "1.1 Api", "1.1 Api", "{F014DE3E-4BB3-4BAC-99B2-F08A679A7BEC}"
EndProject
Project("{FAE04EC0-301F-11D3-BF4B-00C04F79EFBC}") = "LazyLoad.Aplication", "LazyLoad.Aplication\LazyLoad.Aplication.csproj", "{F3A15E02-56DE-4DEF-877D-25A1D0EC22D5}"
EndProject
Project("{FAE04EC0-301F-11D3-BF4B-00C04F79EFBC}") = "LazyLoad.Aplication.Dto", "LazyLoad.Aplication.Dto\LazyLoad.Aplication.Dto.csproj", "{89EB4BF0-5CA6-4D3B-A11C-A23E4AEEB4BF}"
EndProject
Project("{FAE04EC0-301F-11D3-BF4B-00C04F79EFBC}") = "LazyLoad.Domain", "LazyLoad.Domain\LazyLoad.Domain.csproj", "{AF4412D2-68C9-4C20-968D-41D7BD4407EF}"
EndProject
Project("{FAE04EC0-301F-11D3-BF4B-00C04F79EFBC}") = "LazyLoad.Data", "LazyLoad.Data\LazyLoad.Data.csproj", "{FA8486B9-B62C-4702-AD90-901C5825351E}"
EndProject
Project("{FAE04EC0-301F-11D3-BF4B-00C04F79EFBC}") = "LazyLoad.IoC", "LazyLoad.IoC\LazyLoad.IoC.csproj", "{A470FBC2-53F3-42D3-BEE0-8E53FF92F591}"
EndProject
Project("{FAE04EC0-301F-11D3-BF4B-00C04F79EFBC}") = "LazyLoad.Test", "LazyLoad.Test\LazyLoad.Test.csproj", "{A48162A5-5CC2-4C88-B896-807C2B58348E}"
EndProject
Project("{FAE04EC0-301F-11D3-BF4B-00C04F79EFBC}") = "LazyLoad.Entity", "LazyLoad.Entity\LazyLoad.Entity.csproj", "{843B9943-7515-47DE-B0D2-6D6B3E7E7305}"
EndProject
Global
	GlobalSection(SolutionConfigurationPlatforms) = preSolution
		Debug|Any CPU = Debug|Any CPU
		Release|Any CPU = Release|Any CPU
	EndGlobalSection
	GlobalSection(ProjectConfigurationPlatforms) = postSolution
		{3105000C-8A39-462C-BA8D-D9F083E7EE7D}.Debug|Any CPU.ActiveCfg = Debug|Any CPU
		{3105000C-8A39-462C-BA8D-D9F083E7EE7D}.Debug|Any CPU.Build.0 = Debug|Any CPU
		{3105000C-8A39-462C-BA8D-D9F083E7EE7D}.Release|Any CPU.ActiveCfg = Release|Any CPU
		{3105000C-8A39-462C-BA8D-D9F083E7EE7D}.Release|Any CPU.Build.0 = Release|Any CPU
		{F3A15E02-56DE-4DEF-877D-25A1D0EC22D5}.Debug|Any CPU.ActiveCfg = Debug|Any CPU
		{F3A15E02-56DE-4DEF-877D-25A1D0EC22D5}.Debug|Any CPU.Build.0 = Debug|Any CPU
		{F3A15E02-56DE-4DEF-877D-25A1D0EC22D5}.Release|Any CPU.ActiveCfg = Release|Any CPU
		{F3A15E02-56DE-4DEF-877D-25A1D0EC22D5}.Release|Any CPU.Build.0 = Release|Any CPU
		{89EB4BF0-5CA6-4D3B-A11C-A23E4AEEB4BF}.Debug|Any CPU.ActiveCfg = Debug|Any CPU
		{89EB4BF0-5CA6-4D3B-A11C-A23E4AEEB4BF}.Debug|Any CPU.Build.0 = Debug|Any CPU
		{89EB4BF0-5CA6-4D3B-A11C-A23E4AEEB4BF}.Release|Any CPU.ActiveCfg = Release|Any CPU
		{89EB4BF0-5CA6-4D3B-A11C-A23E4AEEB4BF}.Release|Any CPU.Build.0 = Release|Any CPU
		{AF4412D2-68C9-4C20-968D-41D7BD4407EF}.Debug|Any CPU.ActiveCfg = Debug|Any CPU
		{AF4412D2-68C9-4C20-968D-41D7BD4407EF}.Debug|Any CPU.Build.0 = Debug|Any CPU
		{AF4412D2-68C9-4C20-968D-41D7BD4407EF}.Release|Any CPU.ActiveCfg = Release|Any CPU
		{AF4412D2-68C9-4C20-968D-41D7BD4407EF}.Release|Any CPU.Build.0 = Release|Any CPU
		{FA8486B9-B62C-4702-AD90-901C5825351E}.Debug|Any CPU.ActiveCfg = Debug|Any CPU
		{FA8486B9-B62C-4702-AD90-901C5825351E}.Debug|Any CPU.Build.0 = Debug|Any CPU
		{FA8486B9-B62C-4702-AD90-901C5825351E}.Release|Any CPU.ActiveCfg = Release|Any CPU
		{FA8486B9-B62C-4702-AD90-901C5825351E}.Release|Any CPU.Build.0 = Release|Any CPU
		{A470FBC2-53F3-42D3-BEE0-8E53FF92F591}.Debug|Any CPU.ActiveCfg = Debug|Any CPU
		{A470FBC2-53F3-42D3-BEE0-8E53FF92F591}.Debug|Any CPU.Build.0 = Debug|Any CPU
		{A470FBC2-53F3-42D3-BEE0-8E53FF92F591}.Release|Any CPU.ActiveCfg = Release|Any CPU
		{A470FBC2-53F3-42D3-BEE0-8E53FF92F591}.Release|Any CPU.Build.0 = Release|Any CPU
		{A48162A5-5CC2-4C88-B896-807C2B58348E}.Debug|Any CPU.ActiveCfg = Debug|Any CPU
		{A48162A5-5CC2-4C88-B896-807C2B58348E}.Debug|Any CPU.Build.0 = Debug|Any CPU
		{A48162A5-5CC2-4C88-B896-807C2B58348E}.Release|Any CPU.ActiveCfg = Release|Any CPU
		{A48162A5-5CC2-4C88-B896-807C2B58348E}.Release|Any CPU.Build.0 = Release|Any CPU
		{843B9943-7515-47DE-B0D2-6D6B3E7E7305}.Debug|Any CPU.ActiveCfg = Debug|Any CPU
		{843B9943-7515-47DE-B0D2-6D6B3E7E7305}.Debug|Any CPU.Build.0 = Debug|Any CPU
		{843B9943-7515-47DE-B0D2-6D6B3E7E7305}.Release|Any CPU.ActiveCfg = Release|Any CPU
		{843B9943-7515-47DE-B0D2-6D6B3E7E7305}.Release|Any CPU.Build.0 = Release|Any CPU
	EndGlobalSection
	GlobalSection(SolutionProperties) = preSolution
		HideSolutionNode = FALSE
	EndGlobalSection
	GlobalSection(NestedProjects) = preSolution
		{3105000C-8A39-462C-BA8D-D9F083E7EE7D} = {F014DE3E-4BB3-4BAC-99B2-F08A679A7BEC}
		{F014DE3E-4BB3-4BAC-99B2-F08A679A7BEC} = {DC329474-4D5C-453A-B3D3-9558980E3A30}
		{F3A15E02-56DE-4DEF-877D-25A1D0EC22D5} = {AD874B66-8186-4995-ADFD-8B987C4B9008}
		{89EB4BF0-5CA6-4D3B-A11C-A23E4AEEB4BF} = {AD874B66-8186-4995-ADFD-8B987C4B9008}
		{AF4412D2-68C9-4C20-968D-41D7BD4407EF} = {E391F1D1-D60E-43A4-AD59-1D180D5E09F5}
		{FA8486B9-B62C-4702-AD90-901C5825351E} = {6901B474-F911-451B-A3A3-368A76FF4859}
		{A470FBC2-53F3-42D3-BEE0-8E53FF92F591} = {D2E5D666-CDC3-430A-8780-1E8E12A0BEB3}
		{A48162A5-5CC2-4C88-B896-807C2B58348E} = {9AE1FE6A-2378-44E4-B8AE-2D00F1952607}
		{843B9943-7515-47DE-B0D2-6D6B3E7E7305} = {E391F1D1-D60E-43A4-AD59-1D180D5E09F5}
	EndGlobalSection
EndGlobal
